
Microsoft Visual Studio Solution File, Format Version 12.00
# Visual Studio Version 17
VisualStudioVersion = 17.14.36705.20 d17.14
MinimumVisualStudioVersion = 10.0.40219.1
Project("{FAE04EC0-301F-11D3-BF4B-00C04F79EFBC}") = "Contoso.Energy.Actors", "Contoso.Energy.Actors.csproj", "{C62B6196-A7A4-4448-A1DC-EC56A257E8FF}"
EndProject
Project("{FAE04EC0-301F-11D3-BF4B-00C04F79EFBC}") = "Contoso.Energy.Infrastructure", "..\Contoso.Energy.Infrastructure\Contoso.Energy.Infrastructure.csproj", "{9DE8DF17-A8F6-42D6-84F0-CF9E0AA28EBB}"
EndProject
Project("{FAE04EC0-301F-11D3-BF4B-00C04F79EFBC}") = "actorClient", "..\actorClient\actorClient.csproj", "{EFA13483-8214-4B83-8362-635BD09EC00D}"
EndProject
Global
	GlobalSection(SolutionConfigurationPlatforms) = preSolution
		Debug|Any CPU = Debug|Any CPU
		Release|Any CPU = Release|Any CPU
	EndGlobalSection
	GlobalSection(ProjectConfigurationPlatforms) = postSolution
		{C62B6196-A7A4-4448-A1DC-EC56A257E8FF}.Debug|Any CPU.ActiveCfg = Debug|Any CPU
		{C62B6196-A7A4-4448-A1DC-EC56A257E8FF}.Debug|Any CPU.Build.0 = Debug|Any CPU
		{C62B6196-A7A4-4448-A1DC-EC56A257E8FF}.Release|Any CPU.ActiveCfg = Release|Any CPU
		{C62B6196-A7A4-4448-A1DC-EC56A257E8FF}.Release|Any CPU.Build.0 = Release|Any CPU
		{9DE8DF17-A8F6-42D6-84F0-CF9E0AA28EBB}.Debug|Any CPU.ActiveCfg = Debug|Any CPU
		{9DE8DF17-A8F6-42D6-84F0-CF9E0AA28EBB}.Debug|Any CPU.Build.0 = Debug|Any CPU
		{9DE8DF17-A8F6-42D6-84F0-CF9E0AA28EBB}.Release|Any CPU.ActiveCfg = Release|Any CPU
		{9DE8DF17-A8F6-42D6-84F0-CF9E0AA28EBB}.Release|Any CPU.Build.0 = Release|Any CPU
		{EFA13483-8214-4B83-8362-635BD09EC00D}.Debug|Any CPU.ActiveCfg = Debug|Any CPU
		{EFA13483-8214-4B83-8362-635BD09EC00D}.Debug|Any CPU.Build.0 = Debug|Any CPU
		{EFA13483-8214-4B83-8362-635BD09EC00D}.Release|Any CPU.ActiveCfg = Release|Any CPU
		{EFA13483-8214-4B83-8362-635BD09EC00D}.Release|Any CPU.Build.0 = Release|Any CPU
	EndGlobalSection
	GlobalSection(SolutionProperties) = preSolution
		HideSolutionNode = FALSE
	EndGlobalSection
	GlobalSection(ExtensibilityGlobals) = postSolution
		SolutionGuid = {5F3ACA35-4D28-4893-B89A-BFA3529DF0E0}
	EndGlobalSection
EndGlobal
